
Microsoft Visual Studio Solution File, Format Version 12.00
# Visual Studio Version 16
VisualStudioVersion = 16.0.30204.135
MinimumVisualStudioVersion = 10.0.40219.1
Project("{FAE04EC0-301F-11D3-BF4B-00C04F79EFBC}") = "CITRUS", "CITRUS\CITRUS.csproj", "{8D40930C-7911-4E74-8029-9039E4E1B141}"
EndProject
Global
	GlobalSection(SolutionConfigurationPlatforms) = preSolution
		Debug|Any CPU = Debug|Any CPU
		Release|Any CPU = Release|Any CPU
	EndGlobalSection
	GlobalSection(ProjectConfigurationPlatforms) = postSolution
		{8D40930C-7911-4E74-8029-9039E4E1B141}.Debug|Any CPU.ActiveCfg = Debug|Any CPU
		{8D40930C-7911-4E74-8029-9039E4E1B141}.Debug|Any CPU.Build.0 = Debug|Any CPU
		{8D40930C-7911-4E74-8029-9039E4E1B141}.Release|Any CPU.ActiveCfg = Release|Any CPU
		{8D40930C-7911-4E74-8029-9039E4E1B141}.Release|Any CPU.Build.0 = Release|Any CPU
	EndGlobalSection
	GlobalSection(SolutionProperties) = preSolution
		HideSolutionNode = FALSE
	EndGlobalSection
	GlobalSection(ExtensibilityGlobals) = postSolution
		SolutionGuid = {2C760647-8051-4A12-8159-AA5BA92AD567}
	EndGlobalSection
EndGlobal
